
Microsoft Visual Studio Solution File, Format Version 12.00
# Visual Studio Version 17
VisualStudioVersion = 17.9.34518.117
MinimumVisualStudioVersion = 10.0.40219.1
Project("{9A19103F-16F7-4668-BE54-9A1E7A4F7556}") = "JsonWebTokenApp", "JsonWebTokenApp\JsonWebTokenApp.csproj", "{BB5BFB06-7261-4C04-BAF0-4360F30368C3}"
EndProject
Project("{FAE04EC0-301F-11D3-BF4B-00C04F79EFBC}") = "JsonWebTokenAPI", "JsonWebTokenAPI\JsonWebTokenAPI.csproj", "{162C07D0-6B45-4094-B7E6-40860BD7FD85}"
EndProject
Global
	GlobalSection(SolutionConfigurationPlatforms) = preSolution
		Debug|Any CPU = Debug|Any CPU
		Release|Any CPU = Release|Any CPU
	EndGlobalSection
	GlobalSection(ProjectConfigurationPlatforms) = postSolution
		{BB5BFB06-7261-4C04-BAF0-4360F30368C3}.Debug|Any CPU.ActiveCfg = Debug|Any CPU
		{BB5BFB06-7261-4C04-BAF0-4360F30368C3}.Debug|Any CPU.Build.0 = Debug|Any CPU
		{BB5BFB06-7261-4C04-BAF0-4360F30368C3}.Release|Any CPU.ActiveCfg = Release|Any CPU
		{BB5BFB06-7261-4C04-BAF0-4360F30368C3}.Release|Any CPU.Build.0 = Release|Any CPU
		{162C07D0-6B45-4094-B7E6-40860BD7FD85}.Debug|Any CPU.ActiveCfg = Debug|Any CPU
		{162C07D0-6B45-4094-B7E6-40860BD7FD85}.Debug|Any CPU.Build.0 = Debug|Any CPU
		{162C07D0-6B45-4094-B7E6-40860BD7FD85}.Release|Any CPU.ActiveCfg = Release|Any CPU
		{162C07D0-6B45-4094-B7E6-40860BD7FD85}.Release|Any CPU.Build.0 = Release|Any CPU
	EndGlobalSection
	GlobalSection(SolutionProperties) = preSolution
		HideSolutionNode = FALSE
	EndGlobalSection
	GlobalSection(ExtensibilityGlobals) = postSolution
		SolutionGuid = {CEF1E4AA-5BE6-4432-8282-3672527C5496}
	EndGlobalSection
EndGlobal
